{
  "requires": true,
  "lockfileVersion": 1,
  "dependencies": {
    "@cloudinary/transformation-builder-sdk": {
      "version": "1.2.7",
      "resolved": "https://registry.npmjs.org/@cloudinary/transformation-builder-sdk/-/transformation-builder-sdk-1.2.7.tgz",
      "integrity": "sha512-Q1fhw37BXXmN6/BCxdnw3OUJ6aAy/zpDWH5t+xIwmG5GtYUYMZqOjvdOkOhWBmus9ptq9znuGsYn8h5vtSjT+w==",
      "requires": {
        "@cloudinary/url-gen": "^1.7.0"
      }
    },
    "@cloudinary/url-gen": {
      "version": "1.10.0",
      "resolved": "https://registry.npmjs.org/@cloudinary/url-gen/-/url-gen-1.10.0.tgz",
      "integrity": "sha512-J3V+gzT6Tepw9bMrR3prWVbW22cIFJtPS8Wkt1WFSZVHWpZx8/vv9ACHaxUmRqaSkjhX8ErsuzDY5YxdWnaCbw==",
      "requires": {
        "@cloudinary/transformation-builder-sdk": "^1.2.7"
      }
    }
  }
}
